
Microsoft Visual Studio Solution File, Format Version 12.00
# Visual Studio Version 16
VisualStudioVersion = 16.0.31105.61
MinimumVisualStudioVersion = 10.0.40219.1
Project("{FAE04EC0-301F-11D3-BF4B-00C04F79EFBC}") = "techshowwebapp", "techshowwebapp.csproj", "{2DA37F80-2F77-4D32-9E17-FA57EFED18BA}"
EndProject
Global
	GlobalSection(SolutionConfigurationPlatforms) = preSolution
		Debug|Any CPU = Debug|Any CPU
		Release|Any CPU = Release|Any CPU
	EndGlobalSection
	GlobalSection(ProjectConfigurationPlatforms) = postSolution
		{2DA37F80-2F77-4D32-9E17-FA57EFED18BA}.Debug|Any CPU.ActiveCfg = Debug|Any CPU
		{2DA37F80-2F77-4D32-9E17-FA57EFED18BA}.Debug|Any CPU.Build.0 = Debug|Any CPU
		{2DA37F80-2F77-4D32-9E17-FA57EFED18BA}.Release|Any CPU.ActiveCfg = Release|Any CPU
		{2DA37F80-2F77-4D32-9E17-FA57EFED18BA}.Release|Any CPU.Build.0 = Release|Any CPU
	EndGlobalSection
	GlobalSection(SolutionProperties) = preSolution
		HideSolutionNode = FALSE
	EndGlobalSection
	GlobalSection(ExtensibilityGlobals) = postSolution
		SolutionGuid = {F6E75DDE-442C-4D19-A601-CB1D11DE53EF}
	EndGlobalSection
EndGlobal
